
Microsoft Visual Studio Solution File, Format Version 12.00
# Visual Studio Version 16
VisualStudioVersion = 16.0.30621.155
MinimumVisualStudioVersion = 10.0.40219.1
Project("{FAE04EC0-301F-11D3-BF4B-00C04F79EFBC}") = "Hash1011yigit", "Hash1011yigit.csproj", "{DE54858A-9D4C-4245-AF54-A6147DD80C2F}"
EndProject
Global
	GlobalSection(SolutionConfigurationPlatforms) = preSolution
		Debug|Any CPU = Debug|Any CPU
		Release|Any CPU = Release|Any CPU
	EndGlobalSection
	GlobalSection(ProjectConfigurationPlatforms) = postSolution
		{DE54858A-9D4C-4245-AF54-A6147DD80C2F}.Debug|Any CPU.ActiveCfg = Debug|Any CPU
		{DE54858A-9D4C-4245-AF54-A6147DD80C2F}.Debug|Any CPU.Build.0 = Debug|Any CPU
		{DE54858A-9D4C-4245-AF54-A6147DD80C2F}.Release|Any CPU.ActiveCfg = Release|Any CPU
		{DE54858A-9D4C-4245-AF54-A6147DD80C2F}.Release|Any CPU.Build.0 = Release|Any CPU
	EndGlobalSection
	GlobalSection(SolutionProperties) = preSolution
		HideSolutionNode = FALSE
	EndGlobalSection
	GlobalSection(ExtensibilityGlobals) = postSolution
		SolutionGuid = {A2DF74F9-D495-4FD9-9DA3-688D25C00C6A}
	EndGlobalSection
EndGlobal
